dependencies:
- name: mysql
  repository: file://../mysql
  version: 0.0.1
- name: opentelemetry-collector
  repository: https://open-telemetry.github.io/opentelemetry-helm-charts
  version: 0.35.0
- name: zipkin
  repository: https://openzipkin.github.io/zipkin
  version: 0.7.0
digest: sha256:5a6173af88673313106a3f3e59a5ff632073ffb29b8ee3726f9cb86b0b9e7193
generated: "2025-03-28T16:01:02.208515753Z"
